
Microsoft Visual Studio Solution File, Format Version 12.00
# Visual Studio Version 16
VisualStudioVersion = 16.0.30011.22
MinimumVisualStudioVersion = 10.0.40219.1
Project("{FAE04EC0-301F-11D3-BF4B-00C04F79EFBC}") = "Field8x8", "Field8x8\Field8x8.csproj", "{6B563A33-689F-40B3-9548-0F9621F45820}"
EndProject
Global
	GlobalSection(SolutionConfigurationPlatforms) = preSolution
		Debug|Any CPU = Debug|Any CPU
		Release|Any CPU = Release|Any CPU
	EndGlobalSection
	GlobalSection(ProjectConfigurationPlatforms) = postSolution
		{6B563A33-689F-40B3-9548-0F9621F45820}.Debug|Any CPU.ActiveCfg = Debug|Any CPU
		{6B563A33-689F-40B3-9548-0F9621F45820}.Debug|Any CPU.Build.0 = Debug|Any CPU
		{6B563A33-689F-40B3-9548-0F9621F45820}.Release|Any CPU.ActiveCfg = Release|Any CPU
		{6B563A33-689F-40B3-9548-0F9621F45820}.Release|Any CPU.Build.0 = Release|Any CPU
	EndGlobalSection
	GlobalSection(SolutionProperties) = preSolution
		HideSolutionNode = FALSE
	EndGlobalSection
	GlobalSection(ExtensibilityGlobals) = postSolution
		SolutionGuid = {21084003-ACD7-498D-A733-0043D521C323}
	EndGlobalSection
EndGlobal
